
Microsoft Visual Studio Solution File, Format Version 12.00
# Visual Studio 15
VisualStudioVersion = 15.0.26730.15
MinimumVisualStudioVersion = 10.0.40219.1
Project("{FAE04EC0-301F-11D3-BF4B-00C04F79EFBC}") = "Aline", "Aline\Aline.csproj", "{590D80F3-983D-4E1E-9A1A-020918DC8236}"
EndProject
Global
	GlobalSection(SolutionConfigurationPlatforms) = preSolution
		Debug|Any CPU = Debug|Any CPU
		Release|Any CPU = Release|Any CPU
	EndGlobalSection
	GlobalSection(ProjectConfigurationPlatforms) = postSolution
		{590D80F3-983D-4E1E-9A1A-020918DC8236}.Debug|Any CPU.ActiveCfg = Debug|Any CPU
		{590D80F3-983D-4E1E-9A1A-020918DC8236}.Debug|Any CPU.Build.0 = Debug|Any CPU
		{590D80F3-983D-4E1E-9A1A-020918DC8236}.Release|Any CPU.ActiveCfg = Release|Any CPU
		{590D80F3-983D-4E1E-9A1A-020918DC8236}.Release|Any CPU.Build.0 = Release|Any CPU
	EndGlobalSection
	GlobalSection(SolutionProperties) = preSolution
		HideSolutionNode = FALSE
	EndGlobalSection
	GlobalSection(ExtensibilityGlobals) = postSolution
		SolutionGuid = {F6E7B450-9537-4EA9-868D-B9B40BE0B21D}
	EndGlobalSection
EndGlobal
